
Microsoft Visual Studio Solution File, Format Version 12.00
# Visual Studio Version 17
VisualStudioVersion = 17.4.33205.214
MinimumVisualStudioVersion = 10.0.40219.1
Project("{FAE04EC0-301F-11D3-BF4B-00C04F79EFBC}") = "UMICH_Problem_2", "UMICH_Problem_2.csproj", "{FC1A45C3-FDE5-4172-9ADF-C6DBC3D3D900}"
EndProject
Global
	GlobalSection(SolutionConfigurationPlatforms) = preSolution
		Debug|Any CPU = Debug|Any CPU
		Release|Any CPU = Release|Any CPU
	EndGlobalSection
	GlobalSection(ProjectConfigurationPlatforms) = postSolution
		{FC1A45C3-FDE5-4172-9ADF-C6DBC3D3D900}.Debug|Any CPU.ActiveCfg = Debug|Any CPU
		{FC1A45C3-FDE5-4172-9ADF-C6DBC3D3D900}.Debug|Any CPU.Build.0 = Debug|Any CPU
		{FC1A45C3-FDE5-4172-9ADF-C6DBC3D3D900}.Release|Any CPU.ActiveCfg = Release|Any CPU
		{FC1A45C3-FDE5-4172-9ADF-C6DBC3D3D900}.Release|Any CPU.Build.0 = Release|Any CPU
	EndGlobalSection
	GlobalSection(SolutionProperties) = preSolution
		HideSolutionNode = FALSE
	EndGlobalSection
	GlobalSection(ExtensibilityGlobals) = postSolution
		SolutionGuid = {36E30F1A-A067-460B-8A0F-512B20FB53F4}
	EndGlobalSection
EndGlobal
